{
  "name": "agentic-qa",
  "version": "0.1.0",
  "lockfileVersion": 3,
  "requires": true,
  "packages": {
    "": {
      "name": "agentic-qa",
      "version": "0.1.0",
      "bin": {
        "agentic-qa": "src/cli.ts"
      },
      "devDependencies": {
        "@types/node": "^24.13.3",
        "opencode-ai": "^1.18.21",
        "typescript": "^5.9.2"
      },
      "engines": {
        "node": ">=23.6"
      }
    },
    "node_modules/@types/node": {
      "version": "24.13.3",
      "resolved": "https://registry.npmjs.org/@types/node/-/node-24.13.3.tgz",
      "integrity": "sha512-Dh8vAsV36ig5wa9OX4pXvMc9D3Veibfw2wix0CUwYODLD8nkj9UsLjASr49nPg+2eKzxhBV+v7L8pXvT4e639Q==",
      "dev": true,
      "license": "MIT",
      "dependencies": {
        "undici-types": "~7.18.0"
      }
    },
    "node_modules/opencode-ai": {
      "version": "1.18.21",
      "resolved": "https://registry.npmjs.org/opencode-ai/-/opencode-ai-1.18.21.tgz",
      "integrity": "sha512-BxQyxpD0y2X0sXJUKLOooXVmi9QIoeKPtdH68r7QRiqXJ/YulK1MQvSe8KyA8183zoPV0G6JAtgz1OqmE3OGUw==",
      "cpu": [
        "arm64",
        "x64"
      ],
      "dev": true,
      "hasInstallScript": true,
      "license": "MIT",
      "os": [
        "darwin",
        "linux",
        "win32"
      ],
      "bin": {
        "opencode": "bin/opencode.exe"
      },
      "optionalDependencies": {
        "opencode-darwin-arm64": "1.18.21",
        "opencode-darwin-x64": "1.18.21",
        "opencode-darwin-x64-baseline": "1.18.21",
        "opencode-linux-arm64": "1.18.21",
        "opencode-linux-arm64-musl": "1.18.21",
        "opencode-linux-x64": "1.18.21",
        "opencode-linux-x64-baseline": "1.18.21",
        "opencode-linux-x64-baseline-musl": "1.18.21",
        "opencode-linux-x64-musl": "1.18.21",
        "opencode-windows-arm64": "1.18.21",
        "opencode-windows-x64": "1.18.21",
        "opencode-windows-x64-baseline": "1.18.21"
      }
    },
    "node_modules/opencode-darwin-arm64": {
      "version": "1.18.21",
      "resolved": "https://registry.npmjs.org/opencode-darwin-arm64/-/opencode-darwin-arm64-1.18.21.tgz",
      "integrity": "sha512-VEeFMsNJ4C4T3+hJiMcNVK0kGMUr6X+p4NJoxpvYwSfSBkVsUpxb9pZPNjj0ZNxvEkuydDtm1D5UE+Dj61+0Ew==",
      "cpu": [
        "arm64"
      ],
      "dev": true,
      "optional": true,
      "os": [
        "darwin"
      ]
    },
    "node_modules/opencode-darwin-x64": {
      "version": "1.18.21",
      "resolved": "https://registry.npmjs.org/opencode-darwin-x64/-/opencode-darwin-x64-1.18.21.tgz",
      "integrity": "sha512-giHRU28MknuFjkaKyFb58YlAgre2tzTj22TjNY4uJqgkZnaCfwnlXfGjs1lvkBBPKRA8BZfhj+osIhPXPz7VLw==",
      "cpu": [
        "x64"
      ],
      "dev": true,
      "optional": true,
      "os": [
        "darwin"
      ]
    },
    "node_modules/opencode-darwin-x64-baseline": {
      "version": "1.18.21",
      "resolved": "https://registry.npmjs.org/opencode-darwin-x64-baseline/-/opencode-darwin-x64-baseline-1.18.21.tgz",
      "integrity": "sha512-PkUuiQHk/+NhJXzrg6eRZjz26zfo6tlDjVTsvUKSUzuAOxqVJAg74uVO5jRPMM93C4ftf8wcxRhaTkNr4v1Ovw==",
      "cpu": [
        "x64"
      ],
      "dev": true,
      "optional": true,
      "os": [
        "darwin"
      ]
    },
    "node_modules/opencode-linux-arm64": {
      "version": "1.18.21",
      "resolved": "https://registry.npmjs.org/opencode-linux-arm64/-/opencode-linux-arm64-1.18.21.tgz",
      "integrity": "sha512-9mzZd/4mHG/rngbSToCQg7W82OKBay920k3l0v+ojajllp8JVGJqQmDmATvNpsoUVOa201nqkfiQI0GvpCofHA==",
      "cpu": [
        "arm64"
      ],
      "dev": true,
      "optional": true,
      "os": [
        "linux"
      ]
    },
    "node_modules/opencode-linux-arm64-musl": {
      "version": "1.18.21",
      "resolved": "https://registry.npmjs.org/opencode-linux-arm64-musl/-/opencode-linux-arm64-musl-1.18.21.tgz",
      "integrity": "sha512-mWjELwOQm8PhcqVyAmyuocJQP2Vsl8mw8BG13eZ0Izs8k0Kq0/i8YXdxU/pdyeXJM6+r9baJ20EuLSrsDTTuyw==",
      "cpu": [
        "arm64"
      ],
      "dev": true,
      "libc": [
        "musl"
      ],
      "optional": true,
      "os": [
        "linux"
      ]
    },
    "node_modules/opencode-linux-x64": {
      "version": "1.18.21",
      "resolved": "https://registry.npmjs.org/opencode-linux-x64/-/opencode-linux-x64-1.18.21.tgz",
      "integrity": "sha512-e7AegOOCksBHTuQ2YUg6J7UxYKMReN21wck52YbEUl2RJvcAnfAyl4sfB6y9QosAILXFl3853EXBbYj/8BljxQ==",
      "cpu": [
        "x64"
      ],
      "dev": true,
      "optional": true,
      "os": [
        "linux"
      ]
    },
    "node_modules/opencode-linux-x64-baseline": {
      "version": "1.18.21",
      "resolved": "https://registry.npmjs.org/opencode-linux-x64-baseline/-/opencode-linux-x64-baseline-1.18.21.tgz",
      "integrity": "sha512-eTvSmVVgPEi6KWooCbQsTRh/Tp97hX9pGhY62DnvZ6Ejpyav23jNBwWhnPx8XHpCdQPUEfPnpfdqvm/f8CGocA==",
      "cpu": [
        "x64"
      ],
      "dev": true,
      "optional": true,
      "os": [
        "linux"
      ]
    },
    "node_modules/opencode-linux-x64-baseline-musl": {
      "version": "1.18.21",
      "resolved": "https://registry.npmjs.org/opencode-linux-x64-baseline-musl/-/opencode-linux-x64-baseline-musl-1.18.21.tgz",
      "integrity": "sha512-t6kvICk+wH1A/fFCqRNS4CrJzZqBcBGCPxrab4XxtGTYnxzzYiz5gQxb/iMhWKcQSwGhu03Gi0jeDo9MfQKR2A==",
      "cpu": [
        "x64"
      ],
      "dev": true,
      "libc": [
        "musl"
      ],
      "optional": true,
      "os": [
        "linux"
      ]
    },
    "node_modules/opencode-linux-x64-musl": {
      "version": "1.18.21",
      "resolved": "https://registry.npmjs.org/opencode-linux-x64-musl/-/opencode-linux-x64-musl-1.18.21.tgz",
      "integrity": "sha512-6K2g+kjyH9LMPhCJxz42CYaZoxVGZXkAslFeWzlyn/+xkRSJHVn3kGUObMS2hE/UZ7CQVTffm7kVlttJDWgPwg==",
      "cpu": [
        "x64"
      ],
      "dev": true,
      "libc": [
        "musl"
      ],
      "optional": true,
      "os": [
        "linux"
      ]
    },
    "node_modules/opencode-windows-arm64": {
      "version": "1.18.21",
      "resolved": "https://registry.npmjs.org/opencode-windows-arm64/-/opencode-windows-arm64-1.18.21.tgz",
      "integrity": "sha512-tAyjoN9z2YChe6TguHudU6njEznsoBraTvWRJxcVkxtQMZrFB89x/OlKJJ3m5GxlceI4ReeBGP309biK6VJE7w==",
      "cpu": [
        "arm64"
      ],
      "dev": true,
      "optional": true,
      "os": [
        "win32"
      ]
    },
    "node_modules/opencode-windows-x64": {
      "version": "1.18.21",
      "resolved": "https://registry.npmjs.org/opencode-windows-x64/-/opencode-windows-x64-1.18.21.tgz",
      "integrity": "sha512-eLrIAczcDUy0F32JU7wKD4bB0L6U75H2ryoz84I5ydtboRG1Muk8pO88HcL9ty92Zrx71HC9mLT5tSQy6ETvbw==",
      "cpu": [
        "x64"
      ],
      "dev": true,
      "optional": true,
      "os": [
        "win32"
      ]
    },
    "node_modules/opencode-windows-x64-baseline": {
      "version": "1.18.21",
      "resolved": "https://registry.npmjs.org/opencode-windows-x64-baseline/-/opencode-windows-x64-baseline-1.18.21.tgz",
      "integrity": "sha512-KqFmdEqHEBfv4sPpXLqeUaCv42OBlCwyQz6FmHDg169ZrafvPLiTds5wTYtFWOUhRCDYjQvokSNILqFHomyc4w==",
      "cpu": [
        "x64"
      ],
      "dev": true,
      "optional": true,
      "os": [
        "win32"
      ]
    },
    "node_modules/typescript": {
      "version": "5.9.3",
      "resolved": "https://registry.npmjs.org/typescript/-/typescript-5.9.3.tgz",
      "integrity": "sha512-jl1vZzPDinLr9eUt3J/t7V6FgNEw9QjvBPdysz9KfQDD41fQrC2Y4vKQdiaUpFT4bXlb1RHhLpp8wtm6M5TgSw==",
      "dev": true,
      "license": "Apache-2.0",
      "bin": {
        "tsc": "bin/tsc",
        "tsserver": "bin/tsserver"
      },
      "engines": {
        "node": ">=14.17"
      }
    },
    "node_modules/undici-types": {
      "version": "7.18.2",
      "resolved": "https://registry.npmjs.org/undici-types/-/undici-types-7.18.2.tgz",
      "integrity": "sha512-AsuCzffGHJybSaRrmr5eHr81mwJU3kjw6M+uprWvCXiNeN9SOGwQ3Jn8jb8m3Z6izVgknn1R0FTCEAP2QrLY/w==",
      "dev": true,
      "license": "MIT"
    }
  }
}
